
Microsoft Visual Studio Solution File, Format Version 12.00
# Visual Studio Version 16
VisualStudioVersion = 16.0.29613.14
MinimumVisualStudioVersion = 10.0.40219.1
Project("{888888A0-9F3D-457C-B088-3A5042F75D52}") = "TestFlaskJadeWeb", "TestFlaskJadeWeb\TestFlaskJadeWeb.pyproj", "{E23F6660-056E-4749-92D2-D46B3301B705}"
EndProject
Global
	GlobalSection(SolutionConfigurationPlatforms) = preSolution
		Debug|Any CPU = Debug|Any CPU
		Release|Any CPU = Release|Any CPU
	EndGlobalSection
	GlobalSection(ProjectConfigurationPlatforms) = postSolution
		{E23F6660-056E-4749-92D2-D46B3301B705}.Debug|Any CPU.ActiveCfg = Debug|Any CPU
		{E23F6660-056E-4749-92D2-D46B3301B705}.Debug|Any CPU.Build.0 = Debug|Any CPU
		{E23F6660-056E-4749-92D2-D46B3301B705}.Release|Any CPU.ActiveCfg = Release|Any CPU
		{E23F6660-056E-4749-92D2-D46B3301B705}.Release|Any CPU.Build.0 = Release|Any CPU
	EndGlobalSection
	GlobalSection(SolutionProperties) = preSolution
		HideSolutionNode = FALSE
	EndGlobalSection
	GlobalSection(ExtensibilityGlobals) = postSolution
		SolutionGuid = {BFC9B554-4220-4C3D-8903-938F9E479D49}
	EndGlobalSection
EndGlobal
